
Microsoft Visual Studio Solution File, Format Version 12.00
# Visual Studio Version 17
VisualStudioVersion = 17.5.33502.453
MinimumVisualStudioVersion = 10.0.40219.1
Project("{FAE04EC0-301F-11D3-BF4B-00C04F79EFBC}") = "SocialMediaApp", "SocialMediaApp.csproj", "{C01C3A17-1EF2-4832-82AD-3138AC40E925}"
EndProject
Global
	GlobalSection(SolutionConfigurationPlatforms) = preSolution
		Debug|Any CPU = Debug|Any CPU
		Release|Any CPU = Release|Any CPU
	EndGlobalSection
	GlobalSection(ProjectConfigurationPlatforms) = postSolution
		{C01C3A17-1EF2-4832-82AD-3138AC40E925}.Debug|Any CPU.ActiveCfg = Debug|Any CPU
		{C01C3A17-1EF2-4832-82AD-3138AC40E925}.Debug|Any CPU.Build.0 = Debug|Any CPU
		{C01C3A17-1EF2-4832-82AD-3138AC40E925}.Release|Any CPU.ActiveCfg = Release|Any CPU
		{C01C3A17-1EF2-4832-82AD-3138AC40E925}.Release|Any CPU.Build.0 = Release|Any CPU
	EndGlobalSection
	GlobalSection(SolutionProperties) = preSolution
		HideSolutionNode = FALSE
	EndGlobalSection
	GlobalSection(ExtensibilityGlobals) = postSolution
		SolutionGuid = {1D024859-5AB4-476E-ACDC-4AB7F808F61C}
	EndGlobalSection
EndGlobal
